
Microsoft Visual Studio Solution File, Format Version 12.00
Project("{FAE04EC0-301F-11D3-BF4B-00C04F79EFBC}") = "NgrWrld.Core", "src\NgrWrld.Core\NgrWrld.Core.csproj", "{CB37F99F-9D20-4000-A738-5B83A44909B8}"
EndProject
Project("{FAE04EC0-301F-11D3-BF4B-00C04F79EFBC}") = "NgrWrld.Services", "src\NgrWrld.Services\NgrWrld.Services.csproj", "{48DE8E42-03C8-4C4B-8EEC-D6BFC768655B}"
EndProject
Project("{FAE04EC0-301F-11D3-BF4B-00C04F79EFBC}") = "NgrWrld.WebApp", "src\NgrWrld.WebApp\NgrWrld.WebApp.csproj", "{36E4A44A-82E1-4671-AED6-AB75CA70A0BD}"
EndProject
Global
	GlobalSection(SolutionConfigurationPlatforms) = preSolution
		Debug|Any CPU = Debug|Any CPU
		Release|Any CPU = Release|Any CPU
	EndGlobalSection
	GlobalSection(ProjectConfigurationPlatforms) = postSolution
		{CB37F99F-9D20-4000-A738-5B83A44909B8}.Debug|Any CPU.ActiveCfg = Debug|Any CPU
		{CB37F99F-9D20-4000-A738-5B83A44909B8}.Debug|Any CPU.Build.0 = Debug|Any CPU
		{CB37F99F-9D20-4000-A738-5B83A44909B8}.Release|Any CPU.ActiveCfg = Release|Any CPU
		{CB37F99F-9D20-4000-A738-5B83A44909B8}.Release|Any CPU.Build.0 = Release|Any CPU
		{48DE8E42-03C8-4C4B-8EEC-D6BFC768655B}.Debug|Any CPU.ActiveCfg = Debug|Any CPU
		{48DE8E42-03C8-4C4B-8EEC-D6BFC768655B}.Debug|Any CPU.Build.0 = Debug|Any CPU
		{48DE8E42-03C8-4C4B-8EEC-D6BFC768655B}.Release|Any CPU.ActiveCfg = Release|Any CPU
		{48DE8E42-03C8-4C4B-8EEC-D6BFC768655B}.Release|Any CPU.Build.0 = Release|Any CPU
		{36E4A44A-82E1-4671-AED6-AB75CA70A0BD}.Debug|Any CPU.ActiveCfg = Debug|Any CPU
		{36E4A44A-82E1-4671-AED6-AB75CA70A0BD}.Debug|Any CPU.Build.0 = Debug|Any CPU
		{36E4A44A-82E1-4671-AED6-AB75CA70A0BD}.Release|Any CPU.ActiveCfg = Release|Any CPU
		{36E4A44A-82E1-4671-AED6-AB75CA70A0BD}.Release|Any CPU.Build.0 = Release|Any CPU
	EndGlobalSection
EndGlobal
